
Microsoft Visual Studio Solution File, Format Version 12.00
# Visual Studio 14
VisualStudioVersion = 14.0.23107.0
MinimumVisualStudioVersion = 10.0.40219.1
Project("{FAE04EC0-301F-11D3-BF4B-00C04F79EFBC}") = "CoreWatcher", "CoreWatcher\CoreWatcher.csproj", "{FB219A78-81D7-4054-8B38-6674E2556419}"
EndProject
Project("{6141683F-8A12-4E36-9623-2EB02B2C2303}") = "CoreWatcherInstall", "CoreWatcherInstall\CoreWatcherInstall.isproj", "{CD8333CA-117F-4029-986A-14D6297BA7E2}"
	ProjectSection(ProjectDependencies) = postProject
		{FB219A78-81D7-4054-8B38-6674E2556419} = {FB219A78-81D7-4054-8B38-6674E2556419}
	EndProjectSection
EndProject
Global
	GlobalSection(SolutionConfigurationPlatforms) = preSolution
		CD_ROM|Any CPU = CD_ROM|Any CPU
		Debug|Any CPU = Debug|Any CPU
		DVD-5|Any CPU = DVD-5|Any CPU
		Release|Any CPU = Release|Any CPU
		SingleImage|Any CPU = SingleImage|Any CPU
	EndGlobalSection
	GlobalSection(ProjectConfigurationPlatforms) = postSolution
		{FB219A78-81D7-4054-8B38-6674E2556419}.CD_ROM|Any CPU.ActiveCfg = Release|Any CPU
		{FB219A78-81D7-4054-8B38-6674E2556419}.CD_ROM|Any CPU.Build.0 = Release|Any CPU
		{FB219A78-81D7-4054-8B38-6674E2556419}.Debug|Any CPU.ActiveCfg = Debug|Any CPU
		{FB219A78-81D7-4054-8B38-6674E2556419}.Debug|Any CPU.Build.0 = Debug|Any CPU
		{FB219A78-81D7-4054-8B38-6674E2556419}.DVD-5|Any CPU.ActiveCfg = Debug|Any CPU
		{FB219A78-81D7-4054-8B38-6674E2556419}.DVD-5|Any CPU.Build.0 = Debug|Any CPU
		{FB219A78-81D7-4054-8B38-6674E2556419}.Release|Any CPU.ActiveCfg = Release|Any CPU
		{FB219A78-81D7-4054-8B38-6674E2556419}.Release|Any CPU.Build.0 = Release|Any CPU
		{FB219A78-81D7-4054-8B38-6674E2556419}.SingleImage|Any CPU.ActiveCfg = Release|Any CPU
		{FB219A78-81D7-4054-8B38-6674E2556419}.SingleImage|Any CPU.Build.0 = Release|Any CPU
		{CD8333CA-117F-4029-986A-14D6297BA7E2}.CD_ROM|Any CPU.ActiveCfg = CD_ROM
		{CD8333CA-117F-4029-986A-14D6297BA7E2}.CD_ROM|Any CPU.Build.0 = CD_ROM
		{CD8333CA-117F-4029-986A-14D6297BA7E2}.Debug|Any CPU.ActiveCfg = DVD-5
		{CD8333CA-117F-4029-986A-14D6297BA7E2}.Debug|Any CPU.Build.0 = DVD-5
		{CD8333CA-117F-4029-986A-14D6297BA7E2}.DVD-5|Any CPU.ActiveCfg = DVD-5
		{CD8333CA-117F-4029-986A-14D6297BA7E2}.DVD-5|Any CPU.Build.0 = DVD-5
		{CD8333CA-117F-4029-986A-14D6297BA7E2}.Release|Any CPU.ActiveCfg = SingleImage
		{CD8333CA-117F-4029-986A-14D6297BA7E2}.Release|Any CPU.Build.0 = SingleImage
		{CD8333CA-117F-4029-986A-14D6297BA7E2}.SingleImage|Any CPU.ActiveCfg = SingleImage
		{CD8333CA-117F-4029-986A-14D6297BA7E2}.SingleImage|Any CPU.Build.0 = SingleImage
	EndGlobalSection
	GlobalSection(SolutionProperties) = preSolution
		HideSolutionNode = FALSE
	EndGlobalSection
EndGlobal
