
Microsoft Visual Studio Solution File, Format Version 12.00
# Visual Studio 15
VisualStudioVersion = 15.0.27130.2036
MinimumVisualStudioVersion = 10.0.40219.1
Project("{FAE04EC0-301F-11D3-BF4B-00C04F79EFBC}") = "SystemFunctionalTest", "SystemFunctionalTest\SystemFunctionalTest.csproj", "{68133C91-FAC6-4808-9DF8-B61830D8B261}"
EndProject
Global
	GlobalSection(SolutionConfigurationPlatforms) = preSolution
		Debug|ARM = Debug|ARM
		Debug|x64 = Debug|x64
		Release|ARM = Release|ARM
		Release|x64 = Release|x64
	EndGlobalSection
	GlobalSection(ProjectConfigurationPlatforms) = postSolution
		{68133C91-FAC6-4808-9DF8-B61830D8B261}.Debug|ARM.ActiveCfg = Debug|ARM
		{68133C91-FAC6-4808-9DF8-B61830D8B261}.Debug|ARM.Build.0 = Debug|ARM
		{68133C91-FAC6-4808-9DF8-B61830D8B261}.Debug|ARM.Deploy.0 = Debug|ARM
		{68133C91-FAC6-4808-9DF8-B61830D8B261}.Debug|x64.ActiveCfg = Debug|x64
		{68133C91-FAC6-4808-9DF8-B61830D8B261}.Debug|x64.Build.0 = Debug|x64
		{68133C91-FAC6-4808-9DF8-B61830D8B261}.Debug|x64.Deploy.0 = Debug|x64
		{68133C91-FAC6-4808-9DF8-B61830D8B261}.Release|ARM.ActiveCfg = Release|ARM
		{68133C91-FAC6-4808-9DF8-B61830D8B261}.Release|ARM.Build.0 = Release|ARM
		{68133C91-FAC6-4808-9DF8-B61830D8B261}.Release|ARM.Deploy.0 = Release|ARM
		{68133C91-FAC6-4808-9DF8-B61830D8B261}.Release|x64.ActiveCfg = Release|x64
		{68133C91-FAC6-4808-9DF8-B61830D8B261}.Release|x64.Build.0 = Release|x64
		{68133C91-FAC6-4808-9DF8-B61830D8B261}.Release|x64.Deploy.0 = Release|x64
	EndGlobalSection
	GlobalSection(SolutionProperties) = preSolution
		HideSolutionNode = FALSE
	EndGlobalSection
	GlobalSection(ExtensibilityGlobals) = postSolution
		SolutionGuid = {FB4B50F5-8FAC-4048-A9B2-E0F9C0BCCAFA}
	EndGlobalSection
EndGlobal
